hash: cfaddbdc033156c32cc7c9ec2f0d0ba0ce33fe83f44d4adba740142436a1b6ae
updated: 2018-02-07T18:40:11.08082+08:00
imports:
- name: github.com/gorilla/websocket
  version: ea4d1f681babbce9545c9c5f3d5194a789c89f5b
- name: github.com/sirupsen/logrus
  version: d682213848ed68c0a260ca37d6dd5ace8423f5ba
testImports: []
